
Microsoft Visual Studio Solution File, Format Version 12.00
# Visual Studio Version 16
VisualStudioVersion = 16.0.31613.86
MinimumVisualStudioVersion = 10.0.40219.1
Project("{FAE04EC0-301F-11D3-BF4B-00C04F79EFBC}") = "Sportcontributie 2", "Sportcontributie 2\Sportcontributie 2.csproj", "{03EF1126-16F7-4BCC-B156-85FEB1A28255}"
EndProject
Global
	GlobalSection(SolutionConfigurationPlatforms) = preSolution
		Debug|Any CPU = Debug|Any CPU
		Release|Any CPU = Release|Any CPU
	EndGlobalSection
	GlobalSection(ProjectConfigurationPlatforms) = postSolution
		{03EF1126-16F7-4BCC-B156-85FEB1A28255}.Debug|Any CPU.ActiveCfg = Debug|Any CPU
		{03EF1126-16F7-4BCC-B156-85FEB1A28255}.Debug|Any CPU.Build.0 = Debug|Any CPU
		{03EF1126-16F7-4BCC-B156-85FEB1A28255}.Release|Any CPU.ActiveCfg = Release|Any CPU
		{03EF1126-16F7-4BCC-B156-85FEB1A28255}.Release|Any CPU.Build.0 = Release|Any CPU
	EndGlobalSection
	GlobalSection(SolutionProperties) = preSolution
		HideSolutionNode = FALSE
	EndGlobalSection
	GlobalSection(ExtensibilityGlobals) = postSolution
		SolutionGuid = {B955DFCB-AD72-4D25-ABE4-A7C021EC99DA}
	EndGlobalSection
EndGlobal
